{
  "originHash" : "370f54568c8e292a364bdf0559adab00c56f25bfb28c3877b6112728eb664578",
  "pins" : [
    {
      "identity" : "wwsummarymaster",
      "kind" : "remoteSourceControl",
      "location" : "https://github.com/William-Weng/WWSummaryMaster",
      "state" : {
        "revision" : "7e32877d153e3a5bbcc7802e79009c6adccba303",
        "version" : "0.1.1"
      }
    }
  ],
  "version" : 3
}
